
Microsoft Visual Studio Solution File, Format Version 12.00
# Visual Studio Version 17
VisualStudioVersion = 17.5.002.0
MinimumVisualStudioVersion = 10.0.40219.1
Project("{2150E333-8FDC-42A3-9474-1A3956D46DE8}") = "csharp-prep", "csharp-prep", "{2DDDD1E4-699A-46EC-BC4E-1CE508DE872E}"
EndProject
Project("{9A19103F-16F7-4668-BE54-9A1E7A4F7556}") = "Prep1", "csharp-prep\Prep1\Prep1.csproj", "{BEF0098D-5932-4CD4-9D12-9B8859CA2AF5}"
EndProject
Project("{9A19103F-16F7-4668-BE54-9A1E7A4F7556}") = "Prep2", "csharp-prep\Prep2\Prep2.csproj", "{BC166D3B-FE94-48AA-AE90-D00B7556960B}"
EndProject
Project("{9A19103F-16F7-4668-BE54-9A1E7A4F7556}") = "Prep3", "csharp-prep\Prep3\Prep3.csproj", "{23EF1262-2B70-4F2A-96FA-22A4CE31F7D5}"
EndProject
Project("{9A19103F-16F7-4668-BE54-9A1E7A4F7556}") = "Prep4", "csharp-prep\Prep4\Prep4.csproj", "{F849033A-3AFF-4E49-83D4-C92C7AD55E63}"
EndProject
Project("{9A19103F-16F7-4668-BE54-9A1E7A4F7556}") = "Prep5", "csharp-prep\Prep5\Prep5.csproj", "{833D4282-30F1-40AD-AD7E-33B827D4BC4E}"
EndProject
Project("{2150E333-8FDC-42A3-9474-1A3956D46DE8}") = "final", "final", "{80897ED5-CBE6-43A8-9778-C688D71C89D3}"
EndProject
Project("{9A19103F-16F7-4668-BE54-9A1E7A4F7556}") = "FinalProject", "final\FinalProject\FinalProject.csproj", "{139BECE7-96DE-4C0E-8E77-11DE3A8FADCC}"
EndProject
Project("{9A19103F-16F7-4668-BE54-9A1E7A4F7556}") = "Foundation1", "final\Foundation1\Foundation1.csproj", "{30843498-0698-46BF-A4DF-C5450D3D0E52}"
EndProject
Project("{9A19103F-16F7-4668-BE54-9A1E7A4F7556}") = "Foundation2", "final\Foundation2\Foundation2.csproj", "{292E1AA9-FB55-43CD-A108-724FD4C1198C}"
EndProject
Project("{9A19103F-16F7-4668-BE54-9A1E7A4F7556}") = "Foundation3", "final\Foundation3\Foundation3.csproj", "{965C0A0A-ECA3-4A8C-ADDD-1FF11B087F58}"
EndProject
Project("{9A19103F-16F7-4668-BE54-9A1E7A4F7556}") = "Foundation4", "final\Foundation4\Foundation4.csproj", "{B55FCCA7-E26A-45D6-B755-9A9E7FF119D0}"
EndProject
Project("{2150E333-8FDC-42A3-9474-1A3956D46DE8}") = "prepare", "prepare", "{889A5140-4FBF-4B22-A0F6-C2BB922ECC79}"
EndProject
Project("{9A19103F-16F7-4668-BE54-9A1E7A4F7556}") = "Learning02", "prepare\Learning02\Learning02.csproj", "{E3CE482B-513F-4A46-9EAB-FCBE034C0532}"
EndProject
Project("{9A19103F-16F7-4668-BE54-9A1E7A4F7556}") = "Learning03", "prepare\Learning03\Learning03.csproj", "{1A1AFA08-1789-47C6-B39C-A599CE3487E9}"
EndProject
Project("{9A19103F-16F7-4668-BE54-9A1E7A4F7556}") = "Learning04", "prepare\Learning04\Learning04.csproj", "{532F52CE-4CC7-4680-885B-686745727C3A}"
EndProject
Project("{9A19103F-16F7-4668-BE54-9A1E7A4F7556}") = "Learning05", "prepare\Learning05\Learning05.csproj", "{B10626BD-294A-479B-BC69-8939490C38E3}"
EndProject
Project("{2150E333-8FDC-42A3-9474-1A3956D46DE8}") = "prove", "prove", "{5A37A710-2BE3-4155-92ED-38CA4CB69EEE}"
EndProject
Project("{9A19103F-16F7-4668-BE54-9A1E7A4F7556}") = "Develop02", "prove\Develop02\Develop02.csproj", "{968E8210-8896-4D7C-83D8-EC5A40124681}"
EndProject
Project("{9A19103F-16F7-4668-BE54-9A1E7A4F7556}") = "Develop03", "prove\Develop03\Develop03.csproj", "{D74B35F9-8827-448A-9CB0-8316A70AD93C}"
EndProject
Project("{9A19103F-16F7-4668-BE54-9A1E7A4F7556}") = "Develop04", "prove\Develop04\Develop04.csproj", "{A22F7F24-0545-4C4A-96D4-D2074659F759}"
EndProject
Project("{9A19103F-16F7-4668-BE54-9A1E7A4F7556}") = "Develop05", "prove\Develop05\Develop05.csproj", "{5E868B87-8224-44B5-9125-763549C602AA}"
EndProject
Project("{2150E333-8FDC-42A3-9474-1A3956D46DE8}") = "sandbox", "sandbox", "{2172B849-444C-400C-A40F-897ADE79A7D7}"
EndProject
Project("{9A19103F-16F7-4668-BE54-9A1E7A4F7556}") = "Sandbox", "sandbox\Sandbox\Sandbox.csproj", "{0D677561-EDCC-48C5-A446-A56D1458756F}"
EndProject
Global
	GlobalSection(SolutionConfigurationPlatforms) = preSolution
		Debug|Any CPU = Debug|Any CPU
		Release|Any CPU = Release|Any CPU
	EndGlobalSection
	GlobalSection(ProjectConfigurationPlatforms) = postSolution
		{BEF0098D-5932-4CD4-9D12-9B8859CA2AF5}.Debug|Any CPU.ActiveCfg = Debug|Any CPU
		{BEF0098D-5932-4CD4-9D12-9B8859CA2AF5}.Debug|Any CPU.Build.0 = Debug|Any CPU
		{BEF0098D-5932-4CD4-9D12-9B8859CA2AF5}.Release|Any CPU.ActiveCfg = Release|Any CPU
		{BEF0098D-5932-4CD4-9D12-9B8859CA2AF5}.Release|Any CPU.Build.0 = Release|Any CPU
		{BC166D3B-FE94-48AA-AE90-D00B7556960B}.Debug|Any CPU.ActiveCfg = Debug|Any CPU
		{BC166D3B-FE94-48AA-AE90-D00B7556960B}.Debug|Any CPU.Build.0 = Debug|Any CPU
		{BC166D3B-FE94-48AA-AE90-D00B7556960B}.Release|Any CPU.ActiveCfg = Release|Any CPU
		{BC166D3B-FE94-48AA-AE90-D00B7556960B}.Release|Any CPU.Build.0 = Release|Any CPU
		{23EF1262-2B70-4F2A-96FA-22A4CE31F7D5}.Debug|Any CPU.ActiveCfg = Debug|Any CPU
		{23EF1262-2B70-4F2A-96FA-22A4CE31F7D5}.Debug|Any CPU.Build.0 = Debug|Any CPU
		{23EF1262-2B70-4F2A-96FA-22A4CE31F7D5}.Release|Any CPU.ActiveCfg = Release|Any CPU
		{23EF1262-2B70-4F2A-96FA-22A4CE31F7D5}.Release|Any CPU.Build.0 = Release|Any CPU
		{F849033A-3AFF-4E49-83D4-C92C7AD55E63}.Debug|Any CPU.ActiveCfg = Debug|Any CPU
		{F849033A-3AFF-4E49-83D4-C92C7AD55E63}.Debug|Any CPU.Build.0 = Debug|Any CPU
		{F849033A-3AFF-4E49-83D4-C92C7AD55E63}.Release|Any CPU.ActiveCfg = Release|Any CPU
		{F849033A-3AFF-4E49-83D4-C92C7AD55E63}.Release|Any CPU.Build.0 = Release|Any CPU
		{833D4282-30F1-40AD-AD7E-33B827D4BC4E}.Debug|Any CPU.ActiveCfg = Debug|Any CPU
		{833D4282-30F1-40AD-AD7E-33B827D4BC4E}.Debug|Any CPU.Build.0 = Debug|Any CPU
		{833D4282-30F1-40AD-AD7E-33B827D4BC4E}.Release|Any CPU.ActiveCfg = Release|Any CPU
		{833D4282-30F1-40AD-AD7E-33B827D4BC4E}.Release|Any CPU.Build.0 = Release|Any CPU
		{139BECE7-96DE-4C0E-8E77-11DE3A8FADCC}.Debug|Any CPU.ActiveCfg = Debug|Any CPU
		{139BECE7-96DE-4C0E-8E77-11DE3A8FADCC}.Debug|Any CPU.Build.0 = Debug|Any CPU
		{139BECE7-96DE-4C0E-8E77-11DE3A8FADCC}.Release|Any CPU.ActiveCfg = Release|Any CPU
		{139BECE7-96DE-4C0E-8E77-11DE3A8FADCC}.Release|Any CPU.Build.0 = Release|Any CPU
		{30843498-0698-46BF-A4DF-C5450D3D0E52}.Debug|Any CPU.ActiveCfg = Debug|Any CPU
		{30843498-0698-46BF-A4DF-C5450D3D0E52}.Debug|Any CPU.Build.0 = Debug|Any CPU
		{30843498-0698-46BF-A4DF-C5450D3D0E52}.Release|Any CPU.ActiveCfg = Release|Any CPU
		{30843498-0698-46BF-A4DF-C5450D3D0E52}.Release|Any CPU.Build.0 = Release|Any CPU
		{292E1AA9-FB55-43CD-A108-724FD4C1198C}.Debug|Any CPU.ActiveCfg = Debug|Any CPU
		{292E1AA9-FB55-43CD-A108-724FD4C1198C}.Debug|Any CPU.Build.0 = Debug|Any CPU
		{292E1AA9-FB55-43CD-A108-724FD4C1198C}.Release|Any CPU.ActiveCfg = Release|Any CPU
		{292E1AA9-FB55-43CD-A108-724FD4C1198C}.Release|Any CPU.Build.0 = Release|Any CPU
		{965C0A0A-ECA3-4A8C-ADDD-1FF11B087F58}.Debug|Any CPU.ActiveCfg = Debug|Any CPU
		{965C0A0A-ECA3-4A8C-ADDD-1FF11B087F58}.Debug|Any CPU.Build.0 = Debug|Any CPU
		{965C0A0A-ECA3-4A8C-ADDD-1FF11B087F58}.Release|Any CPU.ActiveCfg = Release|Any CPU
		{965C0A0A-ECA3-4A8C-ADDD-1FF11B087F58}.Release|Any CPU.Build.0 = Release|Any CPU
		{B55FCCA7-E26A-45D6-B755-9A9E7FF119D0}.Debug|Any CPU.ActiveCfg = Debug|Any CPU
		{B55FCCA7-E26A-45D6-B755-9A9E7FF119D0}.Debug|Any CPU.Build.0 = Debug|Any CPU
		{B55FCCA7-E26A-45D6-B755-9A9E7FF119D0}.Release|Any CPU.ActiveCfg = Release|Any CPU
		{B55FCCA7-E26A-45D6-B755-9A9E7FF119D0}.Release|Any CPU.Build.0 = Release|Any CPU
		{E3CE482B-513F-4A46-9EAB-FCBE034C0532}.Debug|Any CPU.ActiveCfg = Debug|Any CPU
		{E3CE482B-513F-4A46-9EAB-FCBE034C0532}.Debug|Any CPU.Build.0 = Debug|Any CPU
		{E3CE482B-513F-4A46-9EAB-FCBE034C0532}.Release|Any CPU.ActiveCfg = Release|Any CPU
		{E3CE482B-513F-4A46-9EAB-FCBE034C0532}.Release|Any CPU.Build.0 = Release|Any CPU
		{1A1AFA08-1789-47C6-B39C-A599CE3487E9}.Debug|Any CPU.ActiveCfg = Debug|Any CPU
		{1A1AFA08-1789-47C6-B39C-A599CE3487E9}.Debug|Any CPU.Build.0 = Debug|Any CPU
		{1A1AFA08-1789-47C6-B39C-A599CE3487E9}.Release|Any CPU.ActiveCfg = Release|Any CPU
		{1A1AFA08-1789-47C6-B39C-A599CE3487E9}.Release|Any CPU.Build.0 = Release|Any CPU
		{532F52CE-4CC7-4680-885B-686745727C3A}.Debug|Any CPU.ActiveCfg = Debug|Any CPU
		{532F52CE-4CC7-4680-885B-686745727C3A}.Debug|Any CPU.Build.0 = Debug|Any CPU
		{532F52CE-4CC7-4680-885B-686745727C3A}.Release|Any CPU.ActiveCfg = Release|Any CPU
		{532F52CE-4CC7-4680-885B-686745727C3A}.Release|Any CPU.Build.0 = Release|Any CPU
		{B10626BD-294A-479B-BC69-8939490C38E3}.Debug|Any CPU.ActiveCfg = Debug|Any CPU
		{B10626BD-294A-479B-BC69-8939490C38E3}.Debug|Any CPU.Build.0 = Debug|Any CPU
		{B10626BD-294A-479B-BC69-8939490C38E3}.Release|Any CPU.ActiveCfg = Release|Any CPU
		{B10626BD-294A-479B-BC69-8939490C38E3}.Release|Any CPU.Build.0 = Release|Any CPU
		{968E8210-8896-4D7C-83D8-EC5A40124681}.Debug|Any CPU.ActiveCfg = Debug|Any CPU
		{968E8210-8896-4D7C-83D8-EC5A40124681}.Debug|Any CPU.Build.0 = Debug|Any CPU
		{968E8210-8896-4D7C-83D8-EC5A40124681}.Release|Any CPU.ActiveCfg = Release|Any CPU
		{968E8210-8896-4D7C-83D8-EC5A40124681}.Release|Any CPU.Build.0 = Release|Any CPU
		{D74B35F9-8827-448A-9CB0-8316A70AD93C}.Debug|Any CPU.ActiveCfg = Debug|Any CPU
		{D74B35F9-8827-448A-9CB0-8316A70AD93C}.Debug|Any CPU.Build.0 = Debug|Any CPU
		{D74B35F9-8827-448A-9CB0-8316A70AD93C}.Release|Any CPU.ActiveCfg = Release|Any CPU
		{D74B35F9-8827-448A-9CB0-8316A70AD93C}.Release|Any CPU.Build.0 = Release|Any CPU
		{A22F7F24-0545-4C4A-96D4-D2074659F759}.Debug|Any CPU.ActiveCfg = Debug|Any CPU
		{A22F7F24-0545-4C4A-96D4-D2074659F759}.Debug|Any CPU.Build.0 = Debug|Any CPU
		{A22F7F24-0545-4C4A-96D4-D2074659F759}.Release|Any CPU.ActiveCfg = Release|Any CPU
		{A22F7F24-0545-4C4A-96D4-D2074659F759}.Release|Any CPU.Build.0 = Release|Any CPU
		{5E868B87-8224-44B5-9125-763549C602AA}.Debug|Any CPU.ActiveCfg = Debug|Any CPU
		{5E868B87-8224-44B5-9125-763549C602AA}.Debug|Any CPU.Build.0 = Debug|Any CPU
		{5E868B87-8224-44B5-9125-763549C602AA}.Release|Any CPU.ActiveCfg = Release|Any CPU
		{5E868B87-8224-44B5-9125-763549C602AA}.Release|Any CPU.Build.0 = Release|Any CPU
		{0D677561-EDCC-48C5-A446-A56D1458756F}.Debug|Any CPU.ActiveCfg = Debug|Any CPU
		{0D677561-EDCC-48C5-A446-A56D1458756F}.Debug|Any CPU.Build.0 = Debug|Any CPU
		{0D677561-EDCC-48C5-A446-A56D1458756F}.Release|Any CPU.ActiveCfg = Release|Any CPU
		{0D677561-EDCC-48C5-A446-A56D1458756F}.Release|Any CPU.Build.0 = Release|Any CPU
	EndGlobalSection
	GlobalSection(SolutionProperties) = preSolution
		HideSolutionNode = FALSE
	EndGlobalSection
	GlobalSection(NestedProjects) = preSolution
		{BEF0098D-5932-4CD4-9D12-9B8859CA2AF5} = {2DDDD1E4-699A-46EC-BC4E-1CE508DE872E}
		{BC166D3B-FE94-48AA-AE90-D00B7556960B} = {2DDDD1E4-699A-46EC-BC4E-1CE508DE872E}
		{23EF1262-2B70-4F2A-96FA-22A4CE31F7D5} = {2DDDD1E4-699A-46EC-BC4E-1CE508DE872E}
		{F849033A-3AFF-4E49-83D4-C92C7AD55E63} = {2DDDD1E4-699A-46EC-BC4E-1CE508DE872E}
		{833D4282-30F1-40AD-AD7E-33B827D4BC4E} = {2DDDD1E4-699A-46EC-BC4E-1CE508DE872E}
		{139BECE7-96DE-4C0E-8E77-11DE3A8FADCC} = {80897ED5-CBE6-43A8-9778-C688D71C89D3}
		{30843498-0698-46BF-A4DF-C5450D3D0E52} = {80897ED5-CBE6-43A8-9778-C688D71C89D3}
		{292E1AA9-FB55-43CD-A108-724FD4C1198C} = {80897ED5-CBE6-43A8-9778-C688D71C89D3}
		{965C0A0A-ECA3-4A8C-ADDD-1FF11B087F58} = {80897ED5-CBE6-43A8-9778-C688D71C89D3}
		{B55FCCA7-E26A-45D6-B755-9A9E7FF119D0} = {80897ED5-CBE6-43A8-9778-C688D71C89D3}
		{E3CE482B-513F-4A46-9EAB-FCBE034C0532} = {889A5140-4FBF-4B22-A0F6-C2BB922ECC79}
		{1A1AFA08-1789-47C6-B39C-A599CE3487E9} = {889A5140-4FBF-4B22-A0F6-C2BB922ECC79}
		{532F52CE-4CC7-4680-885B-686745727C3A} = {889A5140-4FBF-4B22-A0F6-C2BB922ECC79}
		{B10626BD-294A-479B-BC69-8939490C38E3} = {889A5140-4FBF-4B22-A0F6-C2BB922ECC79}
		{968E8210-8896-4D7C-83D8-EC5A40124681} = {5A37A710-2BE3-4155-92ED-38CA4CB69EEE}
		{D74B35F9-8827-448A-9CB0-8316A70AD93C} = {5A37A710-2BE3-4155-92ED-38CA4CB69EEE}
		{A22F7F24-0545-4C4A-96D4-D2074659F759} = {5A37A710-2BE3-4155-92ED-38CA4CB69EEE}
		{5E868B87-8224-44B5-9125-763549C602AA} = {5A37A710-2BE3-4155-92ED-38CA4CB69EEE}
		{0D677561-EDCC-48C5-A446-A56D1458756F} = {2172B849-444C-400C-A40F-897ADE79A7D7}
	EndGlobalSection
	GlobalSection(ExtensibilityGlobals) = postSolution
		SolutionGuid = {5F8EB3C9-DB54-495B-B4AC-139ABDC36A8E}
	EndGlobalSection
EndGlobal
